
Microsoft Visual Studio Solution File, Format Version 12.00
# Visual Studio Version 17
VisualStudioVersion = 17.3.32811.315
MinimumVisualStudioVersion = 10.0.40219.1
Project("{2150E333-8FDC-42A3-9474-1A3956D46DE8}") = "src", "src", "{35BDB858-E6DB-412A-A030-365F54179B86}"
EndProject
Project("{2150E333-8FDC-42A3-9474-1A3956D46DE8}") = "BuildingBlocks", "BuildingBlocks", "{09FE13DA-D058-4CED-9177-C588F166D3AF}"
EndProject
Project("{2150E333-8FDC-42A3-9474-1A3956D46DE8}") = "Services", "Services", "{F46F5C8D-1C0B-4106-B4A5-6025374C73D6}"
EndProject
Project("{2150E333-8FDC-42A3-9474-1A3956D46DE8}") = "Web", "Web", "{3FA0FA56-86F1-4F42-AAFA-B208AD31C312}"
EndProject
Project("{2150E333-8FDC-42A3-9474-1A3956D46DE8}") = "Indentity", "Indentity", "{AD0660AE-A7FD-4036-AE4C-4568781021B1}"
EndProject
Project("{9A19103F-16F7-4668-BE54-9A1E7A4F7556}") = "NSE.Identity.API", "src\services\NSE.Identity.API\NSE.Identity.API.csproj", "{1F3DFFF1-A181-4281-A60E-01536B31F6FA}"
EndProject
Project("{2150E333-8FDC-42A3-9474-1A3956D46DE8}") = "MVC", "MVC", "{44C38692-4434-4AC1-989D-5D388DF20946}"
EndProject
Project("{9A19103F-16F7-4668-BE54-9A1E7A4F7556}") = "NSE.WebApp.MVC", "src\web\NSE.WebApp.MVC\NSE.WebApp.MVC.csproj", "{070FC60F-05D2-4A88-BF49-491BBCDDDCA3}"
EndProject
Project("{2150E333-8FDC-42A3-9474-1A3956D46DE8}") = "Core", "Core", "{91C1CBD7-51B7-4546-A14E-9D1557787992}"
EndProject
Project("{9A19103F-16F7-4668-BE54-9A1E7A4F7556}") = "NSE.Core", "src\building blocks\NSE.Core\NSE.Core.csproj", "{44FA47DC-02BB-48F4-A533-B689B8F8871E}"
EndProject
Project("{2150E333-8FDC-42A3-9474-1A3956D46DE8}") = "Cart", "Cart", "{875C3FAB-AB1E-4C85-A9FA-54E52BAD13AA}"
EndProject
Project("{2150E333-8FDC-42A3-9474-1A3956D46DE8}") = "Catalog", "Catalog", "{6C203ACC-0811-4345-B054-AB266A8A85B0}"
EndProject
Project("{2150E333-8FDC-42A3-9474-1A3956D46DE8}") = "Client", "Client", "{52F304B3-6D49-4825-936F-1FA07F4529A3}"
EndProject
Project("{2150E333-8FDC-42A3-9474-1A3956D46DE8}") = "Payment", "Payment", "{7ABCA34A-1CA5-44FB-8227-89C7B5504908}"
EndProject
Project("{2150E333-8FDC-42A3-9474-1A3956D46DE8}") = "Order", "Order", "{741DBDE5-83E4-49D3-AA36-080BF9D142BA}"
EndProject
Project("{9A19103F-16F7-4668-BE54-9A1E7A4F7556}") = "NSE.Cart.API", "src\services\NSE.Cart.API\NSE.Cart.API.csproj", "{CF578236-449E-4A7F-9776-C44D7002B8E2}"
EndProject
Project("{9A19103F-16F7-4668-BE54-9A1E7A4F7556}") = "NSE.Catalog.API", "src\services\NSE.Catalog.API\NSE.Catalog.API.csproj", "{FD174C42-47DC-44A3-A9FB-C04A571B08D0}"
EndProject
Project("{9A19103F-16F7-4668-BE54-9A1E7A4F7556}") = "NSE.Client.API", "src\services\NSE.Client.API\NSE.Client.API.csproj", "{4994E707-37F1-4ABD-B551-4F2A9404F724}"
EndProject
Project("{9A19103F-16F7-4668-BE54-9A1E7A4F7556}") = "NSE.Order.API", "src\services\NSE.Order.API\NSE.Order.API.csproj", "{1B76869C-41DF-41E0-AB8E-C22B206C1441}"
EndProject
Project("{9A19103F-16F7-4668-BE54-9A1E7A4F7556}") = "NSE.Payment.API", "src\services\NSE.Payement.API\NSE.Payment.API.csproj", "{97D18631-97B7-49AF-A8C1-48C273FA1BD5}"
EndProject
Project("{2150E333-8FDC-42A3-9474-1A3956D46DE8}") = "Services", "Services", "{A5A5A185-AFBD-4E21-9191-196BFD1E2F25}"
EndProject
Project("{9A19103F-16F7-4668-BE54-9A1E7A4F7556}") = "NSE.WebAPI.Core", "src\building blocks\NSE.WebAPI.Core\NSE.WebAPI.Core.csproj", "{F04E9BA1-D25B-45B9-B56C-EE2F4D1D246D}"
EndProject
Project("{2150E333-8FDC-42A3-9474-1A3956D46DE8}") = "MessageBus", "MessageBus", "{F5BB19F4-9156-4E5B-9F81-38BE186EABB4}"
EndProject
Project("{9A19103F-16F7-4668-BE54-9A1E7A4F7556}") = "NSE.MessageBus", "src\building blocks\NSE.MessageBus\NSE.MessageBus.csproj", "{826B7580-64EF-456F-8057-2B982C63E350}"
EndProject
Project("{2150E333-8FDC-42A3-9474-1A3956D46DE8}") = "ApiGateways", "ApiGateways", "{14B85999-88DA-443B-B4E8-98BF128FE4B8}"
EndProject
Project("{2150E333-8FDC-42A3-9474-1A3956D46DE8}") = "Shopping", "Shopping", "{A54B15D2-A610-4583-8EE0-244415A4AA88}"
EndProject
Project("{9A19103F-16F7-4668-BE54-9A1E7A4F7556}") = "NSE.Bff.Shopping", "src\api gateways\NSE.Bff.Shopping\NSE.Bff.Shopping.csproj", "{F1D4C0AE-ED75-4F40-A9AF-A6F5F7F5F03E}"
EndProject
Project("{9A19103F-16F7-4668-BE54-9A1E7A4F7556}") = "NSE.Order.Domain", "src\services\NSE.Order.Domain\NSE.Order.Domain.csproj", "{E4A34362-3D86-4205-9DF9-C74D89634630}"
EndProject
Project("{9A19103F-16F7-4668-BE54-9A1E7A4F7556}") = "NSE.Order.Infra", "src\services\NSE.Order.Infra\NSE.Order.Infra.csproj", "{46EA81FC-3F42-4F32-8C1D-D88E36D9C2B8}"
EndProject
Project("{FAE04EC0-301F-11D3-BF4B-00C04F79EFBC}") = "NSE.Payment.NerdsPay", "src\services\NSE.Payment.NerdsPay\NSE.Payment.NerdsPay.csproj", "{78E74B47-FAF7-4C1A-A7D2-CB26B4B09B35}"
EndProject
Global
	GlobalSection(SolutionConfigurationPlatforms) = preSolution
		Debug|Any CPU = Debug|Any CPU
		Release|Any CPU = Release|Any CPU
	EndGlobalSection
	GlobalSection(ProjectConfigurationPlatforms) = postSolution
		{1F3DFFF1-A181-4281-A60E-01536B31F6FA}.Debug|Any CPU.ActiveCfg = Debug|Any CPU
		{1F3DFFF1-A181-4281-A60E-01536B31F6FA}.Debug|Any CPU.Build.0 = Debug|Any CPU
		{1F3DFFF1-A181-4281-A60E-01536B31F6FA}.Release|Any CPU.ActiveCfg = Release|Any CPU
		{1F3DFFF1-A181-4281-A60E-01536B31F6FA}.Release|Any CPU.Build.0 = Release|Any CPU
		{070FC60F-05D2-4A88-BF49-491BBCDDDCA3}.Debug|Any CPU.ActiveCfg = Debug|Any CPU
		{070FC60F-05D2-4A88-BF49-491BBCDDDCA3}.Debug|Any CPU.Build.0 = Debug|Any CPU
		{070FC60F-05D2-4A88-BF49-491BBCDDDCA3}.Release|Any CPU.ActiveCfg = Release|Any CPU
		{070FC60F-05D2-4A88-BF49-491BBCDDDCA3}.Release|Any CPU.Build.0 = Release|Any CPU
		{44FA47DC-02BB-48F4-A533-B689B8F8871E}.Debug|Any CPU.ActiveCfg = Debug|Any CPU
		{44FA47DC-02BB-48F4-A533-B689B8F8871E}.Debug|Any CPU.Build.0 = Debug|Any CPU
		{44FA47DC-02BB-48F4-A533-B689B8F8871E}.Release|Any CPU.ActiveCfg = Release|Any CPU
		{44FA47DC-02BB-48F4-A533-B689B8F8871E}.Release|Any CPU.Build.0 = Release|Any CPU
		{CF578236-449E-4A7F-9776-C44D7002B8E2}.Debug|Any CPU.ActiveCfg = Debug|Any CPU
		{CF578236-449E-4A7F-9776-C44D7002B8E2}.Debug|Any CPU.Build.0 = Debug|Any CPU
		{CF578236-449E-4A7F-9776-C44D7002B8E2}.Release|Any CPU.ActiveCfg = Release|Any CPU
		{CF578236-449E-4A7F-9776-C44D7002B8E2}.Release|Any CPU.Build.0 = Release|Any CPU
		{FD174C42-47DC-44A3-A9FB-C04A571B08D0}.Debug|Any CPU.ActiveCfg = Debug|Any CPU
		{FD174C42-47DC-44A3-A9FB-C04A571B08D0}.Debug|Any CPU.Build.0 = Debug|Any CPU
		{FD174C42-47DC-44A3-A9FB-C04A571B08D0}.Release|Any CPU.ActiveCfg = Release|Any CPU
		{FD174C42-47DC-44A3-A9FB-C04A571B08D0}.Release|Any CPU.Build.0 = Release|Any CPU
		{4994E707-37F1-4ABD-B551-4F2A9404F724}.Debug|Any CPU.ActiveCfg = Debug|Any CPU
		{4994E707-37F1-4ABD-B551-4F2A9404F724}.Debug|Any CPU.Build.0 = Debug|Any CPU
		{4994E707-37F1-4ABD-B551-4F2A9404F724}.Release|Any CPU.ActiveCfg = Release|Any CPU
		{4994E707-37F1-4ABD-B551-4F2A9404F724}.Release|Any CPU.Build.0 = Release|Any CPU
		{1B76869C-41DF-41E0-AB8E-C22B206C1441}.Debug|Any CPU.ActiveCfg = Debug|Any CPU
		{1B76869C-41DF-41E0-AB8E-C22B206C1441}.Debug|Any CPU.Build.0 = Debug|Any CPU
		{1B76869C-41DF-41E0-AB8E-C22B206C1441}.Release|Any CPU.ActiveCfg = Release|Any CPU
		{1B76869C-41DF-41E0-AB8E-C22B206C1441}.Release|Any CPU.Build.0 = Release|Any CPU
		{97D18631-97B7-49AF-A8C1-48C273FA1BD5}.Debug|Any CPU.ActiveCfg = Debug|Any CPU
		{97D18631-97B7-49AF-A8C1-48C273FA1BD5}.Debug|Any CPU.Build.0 = Debug|Any CPU
		{97D18631-97B7-49AF-A8C1-48C273FA1BD5}.Release|Any CPU.ActiveCfg = Release|Any CPU
		{97D18631-97B7-49AF-A8C1-48C273FA1BD5}.Release|Any CPU.Build.0 = Release|Any CPU
		{F04E9BA1-D25B-45B9-B56C-EE2F4D1D246D}.Debug|Any CPU.ActiveCfg = Debug|Any CPU
		{F04E9BA1-D25B-45B9-B56C-EE2F4D1D246D}.Debug|Any CPU.Build.0 = Debug|Any CPU
		{F04E9BA1-D25B-45B9-B56C-EE2F4D1D246D}.Release|Any CPU.ActiveCfg = Release|Any CPU
		{F04E9BA1-D25B-45B9-B56C-EE2F4D1D246D}.Release|Any CPU.Build.0 = Release|Any CPU
		{826B7580-64EF-456F-8057-2B982C63E350}.Debug|Any CPU.ActiveCfg = Debug|Any CPU
		{826B7580-64EF-456F-8057-2B982C63E350}.Debug|Any CPU.Build.0 = Debug|Any CPU
		{826B7580-64EF-456F-8057-2B982C63E350}.Release|Any CPU.ActiveCfg = Release|Any CPU
		{826B7580-64EF-456F-8057-2B982C63E350}.Release|Any CPU.Build.0 = Release|Any CPU
		{F1D4C0AE-ED75-4F40-A9AF-A6F5F7F5F03E}.Debug|Any CPU.ActiveCfg = Debug|Any CPU
		{F1D4C0AE-ED75-4F40-A9AF-A6F5F7F5F03E}.Debug|Any CPU.Build.0 = Debug|Any CPU
		{F1D4C0AE-ED75-4F40-A9AF-A6F5F7F5F03E}.Release|Any CPU.ActiveCfg = Release|Any CPU
		{F1D4C0AE-ED75-4F40-A9AF-A6F5F7F5F03E}.Release|Any CPU.Build.0 = Release|Any CPU
		{E4A34362-3D86-4205-9DF9-C74D89634630}.Debug|Any CPU.ActiveCfg = Debug|Any CPU
		{E4A34362-3D86-4205-9DF9-C74D89634630}.Debug|Any CPU.Build.0 = Debug|Any CPU
		{E4A34362-3D86-4205-9DF9-C74D89634630}.Release|Any CPU.ActiveCfg = Release|Any CPU
		{E4A34362-3D86-4205-9DF9-C74D89634630}.Release|Any CPU.Build.0 = Release|Any CPU
		{46EA81FC-3F42-4F32-8C1D-D88E36D9C2B8}.Debug|Any CPU.ActiveCfg = Debug|Any CPU
		{46EA81FC-3F42-4F32-8C1D-D88E36D9C2B8}.Debug|Any CPU.Build.0 = Debug|Any CPU
		{46EA81FC-3F42-4F32-8C1D-D88E36D9C2B8}.Release|Any CPU.ActiveCfg = Release|Any CPU
		{46EA81FC-3F42-4F32-8C1D-D88E36D9C2B8}.Release|Any CPU.Build.0 = Release|Any CPU
		{78E74B47-FAF7-4C1A-A7D2-CB26B4B09B35}.Debug|Any CPU.ActiveCfg = Debug|Any CPU
		{78E74B47-FAF7-4C1A-A7D2-CB26B4B09B35}.Debug|Any CPU.Build.0 = Debug|Any CPU
		{78E74B47-FAF7-4C1A-A7D2-CB26B4B09B35}.Release|Any CPU.ActiveCfg = Release|Any CPU
		{78E74B47-FAF7-4C1A-A7D2-CB26B4B09B35}.Release|Any CPU.Build.0 = Release|Any CPU
	EndGlobalSection
	GlobalSection(SolutionProperties) = preSolution
		HideSolutionNode = FALSE
	EndGlobalSection
	GlobalSection(NestedProjects) = preSolution
		{09FE13DA-D058-4CED-9177-C588F166D3AF} = {35BDB858-E6DB-412A-A030-365F54179B86}
		{F46F5C8D-1C0B-4106-B4A5-6025374C73D6} = {35BDB858-E6DB-412A-A030-365F54179B86}
		{3FA0FA56-86F1-4F42-AAFA-B208AD31C312} = {35BDB858-E6DB-412A-A030-365F54179B86}
		{AD0660AE-A7FD-4036-AE4C-4568781021B1} = {F46F5C8D-1C0B-4106-B4A5-6025374C73D6}
		{1F3DFFF1-A181-4281-A60E-01536B31F6FA} = {AD0660AE-A7FD-4036-AE4C-4568781021B1}
		{44C38692-4434-4AC1-989D-5D388DF20946} = {3FA0FA56-86F1-4F42-AAFA-B208AD31C312}
		{070FC60F-05D2-4A88-BF49-491BBCDDDCA3} = {44C38692-4434-4AC1-989D-5D388DF20946}
		{91C1CBD7-51B7-4546-A14E-9D1557787992} = {09FE13DA-D058-4CED-9177-C588F166D3AF}
		{44FA47DC-02BB-48F4-A533-B689B8F8871E} = {91C1CBD7-51B7-4546-A14E-9D1557787992}
		{875C3FAB-AB1E-4C85-A9FA-54E52BAD13AA} = {F46F5C8D-1C0B-4106-B4A5-6025374C73D6}
		{6C203ACC-0811-4345-B054-AB266A8A85B0} = {F46F5C8D-1C0B-4106-B4A5-6025374C73D6}
		{52F304B3-6D49-4825-936F-1FA07F4529A3} = {F46F5C8D-1C0B-4106-B4A5-6025374C73D6}
		{7ABCA34A-1CA5-44FB-8227-89C7B5504908} = {F46F5C8D-1C0B-4106-B4A5-6025374C73D6}
		{741DBDE5-83E4-49D3-AA36-080BF9D142BA} = {F46F5C8D-1C0B-4106-B4A5-6025374C73D6}
		{CF578236-449E-4A7F-9776-C44D7002B8E2} = {875C3FAB-AB1E-4C85-A9FA-54E52BAD13AA}
		{FD174C42-47DC-44A3-A9FB-C04A571B08D0} = {6C203ACC-0811-4345-B054-AB266A8A85B0}
		{4994E707-37F1-4ABD-B551-4F2A9404F724} = {52F304B3-6D49-4825-936F-1FA07F4529A3}
		{1B76869C-41DF-41E0-AB8E-C22B206C1441} = {741DBDE5-83E4-49D3-AA36-080BF9D142BA}
		{97D18631-97B7-49AF-A8C1-48C273FA1BD5} = {7ABCA34A-1CA5-44FB-8227-89C7B5504908}
		{A5A5A185-AFBD-4E21-9191-196BFD1E2F25} = {09FE13DA-D058-4CED-9177-C588F166D3AF}
		{F04E9BA1-D25B-45B9-B56C-EE2F4D1D246D} = {A5A5A185-AFBD-4E21-9191-196BFD1E2F25}
		{F5BB19F4-9156-4E5B-9F81-38BE186EABB4} = {09FE13DA-D058-4CED-9177-C588F166D3AF}
		{826B7580-64EF-456F-8057-2B982C63E350} = {F5BB19F4-9156-4E5B-9F81-38BE186EABB4}
		{14B85999-88DA-443B-B4E8-98BF128FE4B8} = {35BDB858-E6DB-412A-A030-365F54179B86}
		{A54B15D2-A610-4583-8EE0-244415A4AA88} = {14B85999-88DA-443B-B4E8-98BF128FE4B8}
		{F1D4C0AE-ED75-4F40-A9AF-A6F5F7F5F03E} = {A54B15D2-A610-4583-8EE0-244415A4AA88}
		{E4A34362-3D86-4205-9DF9-C74D89634630} = {741DBDE5-83E4-49D3-AA36-080BF9D142BA}
		{46EA81FC-3F42-4F32-8C1D-D88E36D9C2B8} = {741DBDE5-83E4-49D3-AA36-080BF9D142BA}
		{78E74B47-FAF7-4C1A-A7D2-CB26B4B09B35} = {7ABCA34A-1CA5-44FB-8227-89C7B5504908}
	EndGlobalSection
	GlobalSection(ExtensibilityGlobals) = postSolution
		SolutionGuid = {8DAD5459-30F2-45B1-A444-558F0521CC64}
	EndGlobalSection
EndGlobal
